
Microsoft Visual Studio Solution File, Format Version 12.00
# Visual Studio Version 18
VisualStudioVersion = 18.0.11217.181 d18.0
MinimumVisualStudioVersion = 10.0.40219.1
Project("{FAE04EC0-301F-11D3-BF4B-00C04F79EFBC}") = "WordMaster.Domain", "WordMaster.Domain\WordMaster.Domain.csproj", "{5DDB8A24-A696-4C3E-AB0C-E2924641C33A}"
EndProject
Project("{FAE04EC0-301F-11D3-BF4B-00C04F79EFBC}") = "WordMaster.Infrastructure", "WordMaster.Infrastructure\WordMaster.Infrastructure.csproj", "{F2B90E79-0B65-4D5D-B50B-305EA9F457C7}"
EndProject
Project("{FAE04EC0-301F-11D3-BF4B-00C04F79EFBC}") = "WordMaster.Application", "WordMaster.Application\WordMaster.Application.csproj", "{00590ECA-DD47-47DB-BF8A-5DD1FA375BB5}"
EndProject
Project("{FAE04EC0-301F-11D3-BF4B-00C04F79EFBC}") = "WordMaster.WebUI", "WordMaster.WebUI\WordMaster.WebUI.csproj", "{03FABD7A-8335-47A8-AD31-19A61B432DE9}"
EndProject
Project("{FAE04EC0-301F-11D3-BF4B-00C04F79EFBC}") = "WordMaster.API", "WordMaster.API\WordMaster.API.csproj", "{F641B96B-B6D1-44D8-9B0D-C92353E91160}"
EndProject
Global
	GlobalSection(SolutionConfigurationPlatforms) = preSolution
		Debug|Any CPU = Debug|Any CPU
		Release|Any CPU = Release|Any CPU
	EndGlobalSection
	GlobalSection(ProjectConfigurationPlatforms) = postSolution
		{5DDB8A24-A696-4C3E-AB0C-E2924641C33A}.Debug|Any CPU.ActiveCfg = Debug|Any CPU
		{5DDB8A24-A696-4C3E-AB0C-E2924641C33A}.Debug|Any CPU.Build.0 = Debug|Any CPU
		{5DDB8A24-A696-4C3E-AB0C-E2924641C33A}.Release|Any CPU.ActiveCfg = Release|Any CPU
		{5DDB8A24-A696-4C3E-AB0C-E2924641C33A}.Release|Any CPU.Build.0 = Release|Any CPU
		{F2B90E79-0B65-4D5D-B50B-305EA9F457C7}.Debug|Any CPU.ActiveCfg = Debug|Any CPU
		{F2B90E79-0B65-4D5D-B50B-305EA9F457C7}.Debug|Any CPU.Build.0 = Debug|Any CPU
		{F2B90E79-0B65-4D5D-B50B-305EA9F457C7}.Release|Any CPU.ActiveCfg = Release|Any CPU
		{F2B90E79-0B65-4D5D-B50B-305EA9F457C7}.Release|Any CPU.Build.0 = Release|Any CPU
		{00590ECA-DD47-47DB-BF8A-5DD1FA375BB5}.Debug|Any CPU.ActiveCfg = Debug|Any CPU
		{00590ECA-DD47-47DB-BF8A-5DD1FA375BB5}.Debug|Any CPU.Build.0 = Debug|Any CPU
		{00590ECA-DD47-47DB-BF8A-5DD1FA375BB5}.Release|Any CPU.ActiveCfg = Release|Any CPU
		{00590ECA-DD47-47DB-BF8A-5DD1FA375BB5}.Release|Any CPU.Build.0 = Release|Any CPU
		{03FABD7A-8335-47A8-AD31-19A61B432DE9}.Debug|Any CPU.ActiveCfg = Debug|Any CPU
		{03FABD7A-8335-47A8-AD31-19A61B432DE9}.Debug|Any CPU.Build.0 = Debug|Any CPU
		{03FABD7A-8335-47A8-AD31-19A61B432DE9}.Release|Any CPU.ActiveCfg = Release|Any CPU
		{03FABD7A-8335-47A8-AD31-19A61B432DE9}.Release|Any CPU.Build.0 = Release|Any CPU
		{F641B96B-B6D1-44D8-9B0D-C92353E91160}.Debug|Any CPU.ActiveCfg = Debug|Any CPU
		{F641B96B-B6D1-44D8-9B0D-C92353E91160}.Debug|Any CPU.Build.0 = Debug|Any CPU
		{F641B96B-B6D1-44D8-9B0D-C92353E91160}.Release|Any CPU.ActiveCfg = Release|Any CPU
		{F641B96B-B6D1-44D8-9B0D-C92353E91160}.Release|Any CPU.Build.0 = Release|Any CPU
	EndGlobalSection
	GlobalSection(SolutionProperties) = preSolution
		HideSolutionNode = FALSE
	EndGlobalSection
	GlobalSection(ExtensibilityGlobals) = postSolution
		SolutionGuid = {FDA210B6-D242-4838-BC31-7DB35EA7FD2D}
	EndGlobalSection
EndGlobal
